
Microsoft Visual Studio Solution File, Format Version 12.00
# Visual Studio Version 16
VisualStudioVersion = 16.0.29926.136
MinimumVisualStudioVersion = 10.0.40219.1
Project("{9A19103F-16F7-4668-BE54-9A1E7A4F7556}") = "MyTimingWebAppDemo", "MyTimingWebAppDemo.csproj", "{A29E0F89-CE39-4844-A4F3-08C9276DE963}"
EndProject
Global
	GlobalSection(SolutionConfigurationPlatforms) = preSolution
		Debug|Any CPU = Debug|Any CPU
		Release|Any CPU = Release|Any CPU
	EndGlobalSection
	GlobalSection(ProjectConfigurationPlatforms) = postSolution
		{A29E0F89-CE39-4844-A4F3-08C9276DE963}.Debug|Any CPU.ActiveCfg = Debug|Any CPU
		{A29E0F89-CE39-4844-A4F3-08C9276DE963}.Debug|Any CPU.Build.0 = Debug|Any CPU
		{A29E0F89-CE39-4844-A4F3-08C9276DE963}.Release|Any CPU.ActiveCfg = Release|Any CPU
		{A29E0F89-CE39-4844-A4F3-08C9276DE963}.Release|Any CPU.Build.0 = Release|Any CPU
	EndGlobalSection
	GlobalSection(SolutionProperties) = preSolution
		HideSolutionNode = FALSE
	EndGlobalSection
	GlobalSection(ExtensibilityGlobals) = postSolution
		SolutionGuid = {8D0EA608-DECE-48D8-8B2B-0E5BB2576892}
	EndGlobalSection
EndGlobal
