
Microsoft Visual Studio Solution File, Format Version 12.00
# Visual Studio Version 16
VisualStudioVersion = 16.0.30225.117
MinimumVisualStudioVersion = 10.0.40219.1
Project("{9A19103F-16F7-4668-BE54-9A1E7A4F7556}") = "CoreWpfDemo", "CoreWpfDemo.csproj", "{65D9D446-1612-4746-9C2E-C599EB46F4C6}"
EndProject
Global
	GlobalSection(SolutionConfigurationPlatforms) = preSolution
		Debug|Any CPU = Debug|Any CPU
		Release|Any CPU = Release|Any CPU
	EndGlobalSection
	GlobalSection(ProjectConfigurationPlatforms) = postSolution
		{65D9D446-1612-4746-9C2E-C599EB46F4C6}.Debug|Any CPU.ActiveCfg = Debug|Any CPU
		{65D9D446-1612-4746-9C2E-C599EB46F4C6}.Debug|Any CPU.Build.0 = Debug|Any CPU
		{65D9D446-1612-4746-9C2E-C599EB46F4C6}.Release|Any CPU.ActiveCfg = Release|Any CPU
		{65D9D446-1612-4746-9C2E-C599EB46F4C6}.Release|Any CPU.Build.0 = Release|Any CPU
	EndGlobalSection
	GlobalSection(SolutionProperties) = preSolution
		HideSolutionNode = FALSE
	EndGlobalSection
	GlobalSection(ExtensibilityGlobals) = postSolution
		SolutionGuid = {EF22871D-E8A7-401D-BEAB-1F2EB2681CBD}
	EndGlobalSection
EndGlobal
